{
  "name": "language-learn-chatbot",
  "lockfileVersion": 3,
  "requires": true,
  "packages": {
    "": {
      "dependencies": {
        "eventsource-parser": "^3.0.2",
        "jwt-decode": "^4.0.0"
      }
    },
    "node_modules/eventsource-parser": {
      "version": "3.0.2",
      "resolved": "https://registry.npmjs.org/eventsource-parser/-/eventsource-parser-3.0.2.tgz",
      "integrity": "sha512-6RxOBZ/cYgd8usLwsEl+EC09Au/9BcmCKYF2/xbml6DNczf7nv0MQb+7BA2F+li6//I+28VNlQR37XfQtcAJuA==",
      "engines": {
        "node": ">=18.0.0"
      }
    },
    "node_modules/jwt-decode": {
      "version": "4.0.0",
      "resolved": "https://registry.npmjs.org/jwt-decode/-/jwt-decode-4.0.0.tgz",
      "integrity": "sha512-+KJGIyHgkGuIq3IEBNftfhW/LfWhXUIY6OmyVWjliu5KH1y0fw7VQ8YndE2O4qZdMSd9SqbnC8GOcZEy0Om7sA==",
      "engines": {
        "node": ">=18"
      }
    }
  }
}
